// !$*UTF8*$!
{
	archiveVersion = 1;
	classes = {
	};
	objectVersion = 51;
	objects = {

/* Begin PBXBuildFile section */
		9D0003A221F4FD080044F84A /* SkillField.swift in Sources */ = {isa = PBXBuildFile; fileRef = 9D0003A121F4FD080044F84A /* SkillField.swift */; };
		9D0003A421FE46000044F84A /* EditorCollectionViewController.swift in Sources */ = {isa = PBXBuildFile; fileRef = 9D0003A321FE46000044F84A /* EditorCollectionViewController.swift */; };
		9D0003A921FE479D0044F84A /* UserEntryCollectionViewCell.swift in Sources */ = {isa = PBXBuildFile; fileRef = 9D0003A821FE479D0044F84A /* UserEntryCollectionViewCell.swift */; };
		9D0003AB21FE48C20044F84A /* ShortFormTextEntryCollectionViewCells.swift in Sources */ = {isa = PBXBuildFile; fileRef = 9D0003AA21FE48C20044F84A /* ShortFormTextEntryCollectionViewCells.swift */; };
		9D0003B121FE493C0044F84A /* LongFormTextEntryCollectionViewCell.swift in Sources */ = {isa = PBXBuildFile; fileRef = 9D0003B021FE493C0044F84A /* LongFormTextEntryCollectionViewCell.swift */; };
		9D0003B321FE4E9D0044F84A /* EditorStyleConstants.swift in Sources */ = {isa = PBXBuildFile; fileRef = 9D0003B221FE4E9D0044F84A /* EditorStyleConstants.swift */; };
		9D0003B521FE54CD0044F84A /* EditorCollectionViewModel.swift in Sources */ = {isa = PBXBuildFile; fileRef = 9D0003B421FE54CD0044F84A /* EditorCollectionViewModel.swift */; };
		9D0003B721FE5CC20044F84A /* EditorCollectionViewModel+SkillListing.swift in Sources */ = {isa = PBXBuildFile; fileRef = 9D0003B621FE5CC20044F84A /* EditorCollectionViewModel+SkillListing.swift */; };
		9D004E2521D59B9E004DFA4D /* SkillsDataSourceDelegate.swift in Sources */ = {isa = PBXBuildFile; fileRef = 9D004E2421D59B9E004DFA4D /* SkillsDataSourceDelegate.swift */; };
		9D004E2721D5A97D004DFA4D /* ModelManager.swift in Sources */ = {isa = PBXBuildFile; fileRef = 9D004E2621D5A97D004DFA4D /* ModelManager.swift */; };
		9D004E2B21D6E282004DFA4D /* PrinterPaperView.swift in Sources */ = {isa = PBXBuildFile; fileRef = 9D004E2A21D6E282004DFA4D /* PrinterPaperView.swift */; };
		9D004E2D21D6E37C004DFA4D /* PrinterPaperViewModel.swift in Sources */ = {isa = PBXBuildFile; fileRef = 9D004E2C21D6E37C004DFA4D /* PrinterPaperViewModel.swift */; };
		9D004E3121D80C5F004DFA4D /* CharacterDescriptionDataSource.swift in Sources */ = {isa = PBXBuildFile; fileRef = 9D004E3021D80C5F004DFA4D /* CharacterDescriptionDataSource.swift */; };
		9D004E3321D80DB5004DFA4D /* CharacterDescriptionModel.swift in Sources */ = {isa = PBXBuildFile; fileRef = 9D004E3221D80DB5004DFA4D /* CharacterDescriptionModel.swift */; };
		9D004E3521D8114B004DFA4D /* CharacterDescriptionDataSourceDelegate.swift in Sources */ = {isa = PBXBuildFile; fileRef = 9D004E3421D8114B004DFA4D /* CharacterDescriptionDataSourceDelegate.swift */; };
		9D004E3821D81BC5004DFA4D /* UsedOnce.swift in Sources */ = {isa = PBXBuildFile; fileRef = 9D004E3721D81BC5004DFA4D /* UsedOnce.swift */; };
		9D004E4121D93074004DFA4D /* PopoverViewFrameProvider.swift in Sources */ = {isa = PBXBuildFile; fileRef = 9D004E4021D93074004DFA4D /* PopoverViewFrameProvider.swift */; };
		9D004E4921D945FB004DFA4D /* EditorValueReciever.swift in Sources */ = {isa = PBXBuildFile; fileRef = 9D004E4821D945FB004DFA4D /* EditorValueReciever.swift */; };
		9D004E5921DA7FE1004DFA4D /* EntryType.swift in Sources */ = {isa = PBXBuildFile; fileRef = 9D004E5821DA7FE1004DFA4D /* EntryType.swift */; };
		9D004E5B21DADCC3004DFA4D /* UIView+Image.swift in Sources */ = {isa = PBXBuildFile; fileRef = 9D004E5A21DADCC3004DFA4D /* UIView+Image.swift */; };
		9D004E6121DC44F5004DFA4D /* StatsDataSource.swift in Sources */ = {isa = PBXBuildFile; fileRef = 9D004E6021DC44F5004DFA4D /* StatsDataSource.swift */; };
		9D004E6321DC45F2004DFA4D /* StatsModel.swift in Sources */ = {isa = PBXBuildFile; fileRef = 9D004E6221DC45F2004DFA4D /* StatsModel.swift */; };
		9D029D3722D817C500D75A52 /* UserEntryDelegate.swift in Sources */ = {isa = PBXBuildFile; fileRef = 9D029D3622D817C500D75A52 /* UserEntryDelegate.swift */; };
		9D11763821BDCE0300E297BA /* UILabel+LabelContainer.swift in Sources */ = {isa = PBXBuildFile; fileRef = 9D11763721BDCE0300E297BA /* UILabel+LabelContainer.swift */; };
		9D24375421A085DE0084E77D /* WoundType.swift in Sources */ = {isa = PBXBuildFile; fileRef = 9D24375321A085DE0084E77D /* WoundType.swift */; };
		9D24375621A091AF0084E77D /* CharacterSheetSections.swift in Sources */ = {isa = PBXBuildFile; fileRef = 9D24375521A091AE0084E77D /* CharacterSheetSections.swift */; };
		9D2CF9FE21C4336900EC76D7 /* CharacterDescriptionView.swift in Sources */ = {isa = PBXBuildFile; fileRef = 9D2CF9FD21C4336900EC76D7 /* CharacterDescriptionView.swift */; };
		9D2CFA0021C433C500EC76D7 /* CharacterDescriptionViewModel.swift in Sources */ = {isa = PBXBuildFile; fileRef = 9D2CF9FF21C433C500EC76D7 /* CharacterDescriptionViewModel.swift */; };
		9D2CFA0221C5913100EC76D7 /* RoleFieldLabel.swift in Sources */ = {isa = PBXBuildFile; fileRef = 9D2CFA0121C5913100EC76D7 /* RoleFieldLabel.swift */; };
		9D2CFA0421C5921A00EC76D7 /* CharacterSheetCoordinator.swift in Sources */ = {isa = PBXBuildFile; fileRef = 9D2CFA0321C5921A00EC76D7 /* CharacterSheetCoordinator.swift */; };
		9D2CFA0621C593D200EC76D7 /* MarginCreator.swift in Sources */ = {isa = PBXBuildFile; fileRef = 9D2CFA0521C593D200EC76D7 /* MarginCreator.swift */; };
		9D2CFA0821C59B9400EC76D7 /* RoleView.swift in Sources */ = {isa = PBXBuildFile; fileRef = 9D2CFA0721C59B9400EC76D7 /* RoleView.swift */; };
		9D2CFA0A21C59BEA00EC76D7 /* RoleViewModel.swift in Sources */ = {isa = PBXBuildFile; fileRef = 9D2CFA0921C59BEA00EC76D7 /* RoleViewModel.swift */; };
		9D2CFA0C21C59D7900EC76D7 /* Role.swift in Sources */ = {isa = PBXBuildFile; fileRef = 9D2CFA0B21C59D7900EC76D7 /* Role.swift */; };
		9D3761E421E16AA20027513E /* StatsDataSourceDelegate.swift in Sources */ = {isa = PBXBuildFile; fileRef = 9D3761E321E16AA20027513E /* StatsDataSourceDelegate.swift */; };
		9D3761E621EA7AA50027513E /* SkillTableViewCellDelegate.swift in Sources */ = {isa = PBXBuildFile; fileRef = 9D3761E521EA7AA50027513E /* SkillTableViewCellDelegate.swift */; };
		9D3761EB21EE704E0027513E /* SkillStrings.swift in Sources */ = {isa = PBXBuildFile; fileRef = 9D3761EA21EE704E0027513E /* SkillStrings.swift */; };
		9D4458082232BE6B00AC4EFE /* CommonEntryConstructor.swift in Sources */ = {isa = PBXBuildFile; fileRef = 9D4458072232BE6B00AC4EFE /* CommonEntryConstructor.swift */; };
		9D4724A02309EF0100CECEA2 /* EditorCollectionViewModel+Role.swift in Sources */ = {isa = PBXBuildFile; fileRef = 9D47249F2309EF0100CECEA2 /* EditorCollectionViewModel+Role.swift */; };
		9D4724A22309F06D00CECEA2 /* UICollectionViewLayout+Common.swift in Sources */ = {isa = PBXBuildFile; fileRef = 9D4724A12309F06D00CECEA2 /* UICollectionViewLayout+Common.swift */; };
		9D4724A42309F2B600CECEA2 /* RoleStrings.swift in Sources */ = {isa = PBXBuildFile; fileRef = 9D4724A32309F2B600CECEA2 /* RoleStrings.swift */; };
		9D552CF221AB0E69008B90E9 /* StyleConstants.swift in Sources */ = {isa = PBXBuildFile; fileRef = 9D552CF121AB0E69008B90E9 /* StyleConstants.swift */; };
		9D552CF421AB1050008B90E9 /* DamageControllerTests.swift in Sources */ = {isa = PBXBuildFile; fileRef = 9D552CF321AB1050008B90E9 /* DamageControllerTests.swift */; };
		9D552CF621AB266F008B90E9 /* DamageModifierViewModel.swift in Sources */ = {isa = PBXBuildFile; fileRef = 9D552CF521AB266F008B90E9 /* DamageModifierViewModel.swift */; };
		9D552CF821AC899C008B90E9 /* DamageModifierDataSource.swift in Sources */ = {isa = PBXBuildFile; fileRef = 9D552CF721AC899C008B90E9 /* DamageModifierDataSource.swift */; };
		9D552CFA21AC89DA008B90E9 /* DamageModifierDataSourceDelegate.swift in Sources */ = {isa = PBXBuildFile; fileRef = 9D552CF921AC89DA008B90E9 /* DamageModifierDataSourceDelegate.swift */; };
		9D552CFC21ACE775008B90E9 /* UIFont+BestFit.swift in Sources */ = {isa = PBXBuildFile; fileRef = 9D552CFB21ACE775008B90E9 /* UIFont+BestFit.swift */; };
		9D5C1F2A21A06CE700B3D493 /* AppDelegate.swift in Sources */ = {isa = PBXBuildFile; fileRef = 9D5C1F2921A06CE700B3D493 /* AppDelegate.swift */; };
		9D5C1F2C21A06CE700B3D493 /* CharacterSheetViewController.swift in Sources */ = {isa = PBXBuildFile; fileRef = 9D5C1F2B21A06CE700B3D493 /* CharacterSheetViewController.swift */; };
		9D5C1F3121A06CE800B3D493 /* Assets.xcassets in Resources */ = {isa = PBXBuildFile; fileRef = 9D5C1F3021A06CE800B3D493 /* Assets.xcassets */; };
		9D5C1F3421A06CE800B3D493 /* LaunchScreen.storyboard in Resources */ = {isa = PBXBuildFile; fileRef = 9D5C1F3221A06CE800B3D493 /* LaunchScreen.storyboard */; };
		9D5C1F4A21A06CE800B3D493 /* CP2020_Character_SheetUITests.swift in Sources */ = {isa = PBXBuildFile; fileRef = 9D5C1F4921A06CE800B3D493 /* CP2020_Character_SheetUITests.swift */; };
		9D5C1F5A21A0775B00B3D493 /* DamageViewCell.swift in Sources */ = {isa = PBXBuildFile; fileRef = 9D5C1F5921A0775B00B3D493 /* DamageViewCell.swift */; };
		9D5C1F5C21A0794400B3D493 /* DamageSectionView.swift in Sources */ = {isa = PBXBuildFile; fileRef = 9D5C1F5B21A0794400B3D493 /* DamageSectionView.swift */; };
		9D5C1F5E21A07E1500B3D493 /* DamageSectionViewModel.swift in Sources */ = {isa = PBXBuildFile; fileRef = 9D5C1F5D21A07E1500B3D493 /* DamageSectionViewModel.swift */; };
		9D85671B230C93C600295479 /* EditorCollectionViewModel+Stats.swift in Sources */ = {isa = PBXBuildFile; fileRef = 9D85671A230C93C600295479 /* EditorCollectionViewModel+Stats.swift */; };
		9D85671D230C960100295479 /* StatsStrings.swift in Sources */ = {isa = PBXBuildFile; fileRef = 9D85671C230C960100295479 /* StatsStrings.swift */; };
		9D85671F230F62EF00295479 /* Rules.swift in Sources */ = {isa = PBXBuildFile; fileRef = 9D85671E230F62EF00295479 /* Rules.swift */; };
		9D856721230F65AA00295479 /* CharacterValidator.swift in Sources */ = {isa = PBXBuildFile; fileRef = 9D856720230F65AA00295479 /* CharacterValidator.swift */; };
		9DCD370121CC024C00EE00D9 /* HighlightedSkillViewCellModel.swift in Sources */ = {isa = PBXBuildFile; fileRef = 9DCD370021CC024C00EE00D9 /* HighlightedSkillViewCellModel.swift */; };
		9DCD370521CC105900EE00D9 /* Skill.swift in Sources */ = {isa = PBXBuildFile; fileRef = 9DCD370421CC105900EE00D9 /* Skill.swift */; };
		9DCD370721CC135A00EE00D9 /* SkillListing.swift in Sources */ = {isa = PBXBuildFile; fileRef = 9DCD370621CC135A00EE00D9 /* SkillListing.swift */; };
		9DCD370B21CC239B00EE00D9 /* SkillTableViewController.swift in Sources */ = {isa = PBXBuildFile; fileRef = 9DCD370A21CC239B00EE00D9 /* SkillTableViewController.swift */; };
		9DCD371121CC246300EE00D9 /* SkillTableViewCell.swift in Sources */ = {isa = PBXBuildFile; fileRef = 9DCD371021CC246300EE00D9 /* SkillTableViewCell.swift */; };
		9DCD371521CD598D00EE00D9 /* SkillTableViewCellModel.swift in Sources */ = {isa = PBXBuildFile; fileRef = 9DCD371421CD598D00EE00D9 /* SkillTableViewCellModel.swift */; };
		9DCD371721CD6E5B00EE00D9 /* SkillTableConstants.swift in Sources */ = {isa = PBXBuildFile; fileRef = 9DCD371621CD6E5B00EE00D9 /* SkillTableConstants.swift */; };
		9DE3359721A9A53800180927 /* DamageSectionViewModelTests.swift in Sources */ = {isa = PBXBuildFile; fileRef = 9DE3359621A9A53800180927 /* DamageSectionViewModelTests.swift */; };
		9DE3359B21A9E9F700180927 /* DamageModifierViewCell.swift in Sources */ = {isa = PBXBuildFile; fileRef = 9DE3359A21A9E9F700180927 /* DamageModifierViewCell.swift */; };
		9DE3359E21A9EA4100180927 /* StatsViewCell.swift in Sources */ = {isa = PBXBuildFile; fileRef = 9DE3359D21A9EA4100180927 /* StatsViewCell.swift */; };
		9DE335A121A9EA7900180927 /* RoleDescriptionViewCell.swift in Sources */ = {isa = PBXBuildFile; fileRef = 9DE335A021A9EA7900180927 /* RoleDescriptionViewCell.swift */; };
		9DE335A721A9EB5B00180927 /* HighlightedSkillViewCell.swift in Sources */ = {isa = PBXBuildFile; fileRef = 9DE335A621A9EB5B00180927 /* HighlightedSkillViewCell.swift */; };
		9DE335AA21A9F27400180927 /* TotalDamageDataSource.swift in Sources */ = {isa = PBXBuildFile; fileRef = 9DE335A921A9F27400180927 /* TotalDamageDataSource.swift */; };
		9DE335AC21A9F2C800180927 /* TotalDamageDataSourceDelegate.swift in Sources */ = {isa = PBXBuildFile; fileRef = 9DE335AB21A9F2C800180927 /* TotalDamageDataSourceDelegate.swift */; };
		9DFA19EB21CE979F0092A450 /* CharacterSheetDataSourceCoordinator.swift in Sources */ = {isa = PBXBuildFile; fileRef = 9DFA19EA21CE979F0092A450 /* CharacterSheetDataSourceCoordinator.swift */; };
		9DFA19EF21CE9D920092A450 /* HighlightedSkillViewCellDataSource.swift in Sources */ = {isa = PBXBuildFile; fileRef = 9DFA19EE21CE9D920092A450 /* HighlightedSkillViewCellDataSource.swift */; };
		9DFA19F121CE9EE10092A450 /* Notification+Cyberpunk.swift in Sources */ = {isa = PBXBuildFile; fileRef = 9DFA19F021CE9EE10092A450 /* Notification+Cyberpunk.swift */; };
		9DFA19F321CF1F260092A450 /* JSONFactory.swift in Sources */ = {isa = PBXBuildFile; fileRef = 9DFA19F221CF1F260092A450 /* JSONFactory.swift */; };
		9DFA19F521CF25780092A450 /* Skills.json in Resources */ = {isa = PBXBuildFile; fileRef = 9DFA19F421CF25780092A450 /* Skills.json */; };
		9DFCB7A721D0666100F99798 /* Edgerunner.swift in Sources */ = {isa = PBXBuildFile; fileRef = 9DFCB7A621D0666100F99798 /* Edgerunner.swift */; };
		9DFCB7A921D0674A00F99798 /* Stats.swift in Sources */ = {isa = PBXBuildFile; fileRef = 9DFCB7A821D0674A00F99798 /* Stats.swift */; };
		9DFCB7AB21D071EE00F99798 /* IO.swift in Sources */ = {isa = PBXBuildFile; fileRef = 9DFCB7AA21D071EE00F99798 /* IO.swift */; };
		9DFCB7AE21D14EC400F99798 /* SkillsDataSource.swift in Sources */ = {isa = PBXBuildFile; fileRef = 9DFCB7AD21D14EC400F99798 /* SkillsDataSource.swift */; };
		9DFCB7B021D1506C00F99798 /* SkillModel.swift in Sources */ = {isa = PBXBuildFile; fileRef = 9DFCB7AF21D1506C00F99798 /* SkillModel.swift */; };
		9DFCB7B621D17AD000F99798 /* SkillTableSections.swift in Sources */ = {isa = PBXBuildFile; fileRef = 9DFCB7B521D17AD000F99798 /* SkillTableSections.swift */; };
		9DFCB7BA21D298E000F99798 /* SkillTableViewModel.swift in Sources */ = {isa = PBXBuildFile; fileRef = 9DFCB7B921D298E000F99798 /* SkillTableViewModel.swift */; };
		9DFCB7BC21D5121A00F99798 /* CharacterSheetFileHandler.swift in Sources */ = {isa = PBXBuildFile; fileRef = 9DFCB7BB21D5121A00F99798 /* CharacterSheetFileHandler.swift */; };
		9DFCB7BE21D5156A00F99798 /* ModelReceiver.swift in Sources */ = {isa = PBXBuildFile; fileRef = 9DFCB7BD21D5156A00F99798 /* ModelReceiver.swift */; };
		9DFE711121BD92C9000561B0 /* StatView.swift in Sources */ = {isa = PBXBuildFile; fileRef = 9DFE711021BD92C9000561B0 /* StatView.swift */; };
		9DFE711321BD933A000561B0 /* StatViewModel.swift in Sources */ = {isa = PBXBuildFile; fileRef = 9DFE711221BD933A000561B0 /* StatViewModel.swift */; };
		9DFE711521BD94FD000561B0 /* Stat.swift in Sources */ = {isa = PBXBuildFile; fileRef = 9DFE711421BD94FD000561B0 /* Stat.swift */; };
		9DFE711721BDA18B000561B0 /* StatsViewCellModel.swift in Sources */ = {isa = PBXBuildFile; fileRef = 9DFE711621BDA18B000561B0 /* StatsViewCellModel.swift */; };
/* End PBXBuildFile section */

/* Begin PBXContainerItemProxy section */
		9D5C1F3B21A06CE800B3D493 /* PBXContainerItemProxy */ = {
			isa = PBXContainerItemProxy;
			containerPortal = 9D5C1F1E21A06CE700B3D493 /* Project object */;
			proxyType = 1;
			remoteGlobalIDString = 9D5C1F2521A06CE700B3D493;
			remoteInfo = "CP2020-Character-Sheet";
		};
		9D5C1F4621A06CE800B3D493 /* PBXContainerItemProxy */ = {
			isa = PBXContainerItemProxy;
			containerPortal = 9D5C1F1E21A06CE700B3D493 /* Project object */;
			proxyType = 1;
			remoteGlobalIDString = 9D5C1F2521A06CE700B3D493;
			remoteInfo = "CP2020-Character-Sheet";
		};
/* End PBXContainerItemProxy section */

/* Begin PBXFileReference section */
		9D0003A121F4FD080044F84A /* SkillField.swift */ = {isa = PBXFileReference; lastKnownFileType = sourcecode.swift; path = SkillField.swift; sourceTree = "<group>"; };
		9D0003A321FE46000044F84A /* EditorCollectionViewController.swift */ = {isa = PBXFileReference; lastKnownFileType = sourcecode.swift; path = EditorCollectionViewController.swift; sourceTree = "<group>"; };
		9D0003A821FE479D0044F84A /* UserEntryCollectionViewCell.swift */ = {isa = PBXFileReference; lastKnownFileType = sourcecode.swift; path = UserEntryCollectionViewCell.swift; sourceTree = "<group>"; };
		9D0003AA21FE48C20044F84A /* ShortFormTextEntryCollectionViewCells.swift */ = {isa = PBXFileReference; lastKnownFileType = sourcecode.swift; path = ShortFormTextEntryCollectionViewCells.swift; sourceTree = "<group>"; };
		9D0003B021FE493C0044F84A /* LongFormTextEntryCollectionViewCell.swift */ = {isa = PBXFileReference; lastKnownFileType = sourcecode.swift; path = LongFormTextEntryCollectionViewCell.swift; sourceTree = "<group>"; };
		9D0003B221FE4E9D0044F84A /* EditorStyleConstants.swift */ = {isa = PBXFileReference; lastKnownFileType = sourcecode.swift; path = EditorStyleConstants.swift; sourceTree = "<group>"; };
		9D0003B421FE54CD0044F84A /* EditorCollectionViewModel.swift */ = {isa = PBXFileReference; lastKnownFileType = sourcecode.swift; path = EditorCollectionViewModel.swift; sourceTree = "<group>"; };
		9D0003B621FE5CC20044F84A /* EditorCollectionViewModel+SkillListing.swift */ = {isa = PBXFileReference; lastKnownFileType = sourcecode.swift; path = "EditorCollectionViewModel+SkillListing.swift"; sourceTree = "<group>"; };
		9D004E2421D59B9E004DFA4D /* SkillsDataSourceDelegate.swift */ = {isa = PBXFileReference; lastKnownFileType = sourcecode.swift; path = SkillsDataSourceDelegate.swift; sourceTree = "<group>"; };
		9D004E2621D5A97D004DFA4D /* ModelManager.swift */ = {isa = PBXFileReference; lastKnownFileType = sourcecode.swift; path = ModelManager.swift; sourceTree = "<group>"; };
		9D004E2A21D6E282004DFA4D /* PrinterPaperView.swift */ = {isa = PBXFileReference; lastKnownFileType = sourcecode.swift; path = PrinterPaperView.swift; sourceTree = "<group>"; };
		9D004E2C21D6E37C004DFA4D /* PrinterPaperViewModel.swift */ = {isa = PBXFileReference; lastKnownFileType = sourcecode.swift; path = PrinterPaperViewModel.swift; sourceTree = "<group>"; };
		9D004E3021D80C5F004DFA4D /* CharacterDescriptionDataSource.swift */ = {isa = PBXFileReference; lastKnownFileType = sourcecode.swift; path = CharacterDescriptionDataSource.swift; sourceTree = "<group>"; };
		9D004E3221D80DB5004DFA4D /* CharacterDescriptionModel.swift */ = {isa = PBXFileReference; lastKnownFileType = sourcecode.swift; path = CharacterDescriptionModel.swift; sourceTree = "<group>"; };
		9D004E3421D8114B004DFA4D /* CharacterDescriptionDataSourceDelegate.swift */ = {isa = PBXFileReference; lastKnownFileType = sourcecode.swift; path = CharacterDescriptionDataSourceDelegate.swift; sourceTree = "<group>"; };
		9D004E3721D81BC5004DFA4D /* UsedOnce.swift */ = {isa = PBXFileReference; lastKnownFileType = sourcecode.swift; path = UsedOnce.swift; sourceTree = "<group>"; };
		9D004E4021D93074004DFA4D /* PopoverViewFrameProvider.swift */ = {isa = PBXFileReference; lastKnownFileType = sourcecode.swift; path = PopoverViewFrameProvider.swift; sourceTree = "<group>"; };
		9D004E4821D945FB004DFA4D /* EditorValueReciever.swift */ = {isa = PBXFileReference; lastKnownFileType = sourcecode.swift; path = EditorValueReciever.swift; sourceTree = "<group>"; };
		9D004E5821DA7FE1004DFA4D /* EntryType.swift */ = {isa = PBXFileReference; lastKnownFileType = sourcecode.swift; path = EntryType.swift; sourceTree = "<group>"; };
		9D004E5A21DADCC3004DFA4D /* UIView+Image.swift */ = {isa = PBXFileReference; lastKnownFileType = sourcecode.swift; path = "UIView+Image.swift"; sourceTree = "<group>"; };
		9D004E6021DC44F5004DFA4D /* StatsDataSource.swift */ = {isa = PBXFileReference; lastKnownFileType = sourcecode.swift; path = StatsDataSource.swift; sourceTree = "<group>"; };
		9D004E6221DC45F2004DFA4D /* StatsModel.swift */ = {isa = PBXFileReference; lastKnownFileType = sourcecode.swift; path = StatsModel.swift; sourceTree = "<group>"; };
		9D029D3622D817C500D75A52 /* UserEntryDelegate.swift */ = {isa = PBXFileReference; lastKnownFileType = sourcecode.swift; path = UserEntryDelegate.swift; sourceTree = "<group>"; };
		9D11763721BDCE0300E297BA /* UILabel+LabelContainer.swift */ = {isa = PBXFileReference; lastKnownFileType = sourcecode.swift; path = "UILabel+LabelContainer.swift"; sourceTree = "<group>"; };
		9D24375321A085DE0084E77D /* WoundType.swift */ = {isa = PBXFileReference; lastKnownFileType = sourcecode.swift; path = WoundType.swift; sourceTree = "<group>"; };
		9D24375521A091AE0084E77D /* CharacterSheetSections.swift */ = {isa = PBXFileReference; lastKnownFileType = sourcecode.swift; path = CharacterSheetSections.swift; sourceTree = "<group>"; };
		9D2CF9FD21C4336900EC76D7 /* CharacterDescriptionView.swift */ = {isa = PBXFileReference; lastKnownFileType = sourcecode.swift; path = CharacterDescriptionView.swift; sourceTree = "<group>"; };
		9D2CF9FF21C433C500EC76D7 /* CharacterDescriptionViewModel.swift */ = {isa = PBXFileReference; lastKnownFileType = sourcecode.swift; path = CharacterDescriptionViewModel.swift; sourceTree = "<group>"; };
		9D2CFA0121C5913100EC76D7 /* RoleFieldLabel.swift */ = {isa = PBXFileReference; lastKnownFileType = sourcecode.swift; path = RoleFieldLabel.swift; sourceTree = "<group>"; };
		9D2CFA0321C5921A00EC76D7 /* CharacterSheetCoordinator.swift */ = {isa = PBXFileReference; lastKnownFileType = sourcecode.swift; path = CharacterSheetCoordinator.swift; sourceTree = "<group>"; };
		9D2CFA0521C593D200EC76D7 /* MarginCreator.swift */ = {isa = PBXFileReference; lastKnownFileType = sourcecode.swift; path = MarginCreator.swift; sourceTree = "<group>"; };
		9D2CFA0721C59B9400EC76D7 /* RoleView.swift */ = {isa = PBXFileReference; lastKnownFileType = sourcecode.swift; path = RoleView.swift; sourceTree = "<group>"; };
		9D2CFA0921C59BEA00EC76D7 /* RoleViewModel.swift */ = {isa = PBXFileReference; lastKnownFileType = sourcecode.swift; path = RoleViewModel.swift; sourceTree = "<group>"; };
		9D2CFA0B21C59D7900EC76D7 /* Role.swift */ = {isa = PBXFileReference; lastKnownFileType = sourcecode.swift; path = Role.swift; sourceTree = "<group>"; };
		9D3761E321E16AA20027513E /* StatsDataSourceDelegate.swift */ = {isa = PBXFileReference; lastKnownFileType = sourcecode.swift; path = StatsDataSourceDelegate.swift; sourceTree = "<group>"; };
		9D3761E521EA7AA50027513E /* SkillTableViewCellDelegate.swift */ = {isa = PBXFileReference; lastKnownFileType = sourcecode.swift; path = SkillTableViewCellDelegate.swift; sourceTree = "<group>"; };
		9D3761EA21EE704E0027513E /* SkillStrings.swift */ = {isa = PBXFileReference; lastKnownFileType = sourcecode.swift; path = SkillStrings.swift; sourceTree = "<group>"; };
		9D4458072232BE6B00AC4EFE /* CommonEntryConstructor.swift */ = {isa = PBXFileReference; lastKnownFileType = sourcecode.swift; path = CommonEntryConstructor.swift; sourceTree = "<group>"; };
		9D47249F2309EF0100CECEA2 /* EditorCollectionViewModel+Role.swift */ = {isa = PBXFileReference; lastKnownFileType = sourcecode.swift; path = "EditorCollectionViewModel+Role.swift"; sourceTree = "<group>"; };
		9D4724A12309F06D00CECEA2 /* UICollectionViewLayout+Common.swift */ = {isa = PBXFileReference; lastKnownFileType = sourcecode.swift; path = "UICollectionViewLayout+Common.swift"; sourceTree = "<group>"; };
		9D4724A32309F2B600CECEA2 /* RoleStrings.swift */ = {isa = PBXFileReference; lastKnownFileType = sourcecode.swift; path = RoleStrings.swift; sourceTree = "<group>"; };
		9D552CF121AB0E69008B90E9 /* StyleConstants.swift */ = {isa = PBXFileReference; lastKnownFileType = sourcecode.swift; path = StyleConstants.swift; sourceTree = "<group>"; };
		9D552CF321AB1050008B90E9 /* DamageControllerTests.swift */ = {isa = PBXFileReference; lastKnownFileType = sourcecode.swift; path = DamageControllerTests.swift; sourceTree = "<group>"; };
		9D552CF521AB266F008B90E9 /* DamageModifierViewModel.swift */ = {isa = PBXFileReference; lastKnownFileType = sourcecode.swift; path = DamageModifierViewModel.swift; sourceTree = "<group>"; };
		9D552CF721AC899C008B90E9 /* DamageModifierDataSource.swift */ = {isa = PBXFileReference; lastKnownFileType = sourcecode.swift; path = DamageModifierDataSource.swift; sourceTree = "<group>"; };
		9D552CF921AC89DA008B90E9 /* DamageModifierDataSourceDelegate.swift */ = {isa = PBXFileReference; lastKnownFileType = sourcecode.swift; path = DamageModifierDataSourceDelegate.swift; sourceTree = "<group>"; };
		9D552CFB21ACE775008B90E9 /* UIFont+BestFit.swift */ = {isa = PBXFileReference; lastKnownFileType = sourcecode.swift; path = "UIFont+BestFit.swift"; sourceTree = "<group>"; };
		9D5C1F2621A06CE700B3D493 /* CP2020-Character-Sheet.app */ = {isa = PBXFileReference; explicitFileType = wrapper.application; includeInIndex = 0; path = "CP2020-Character-Sheet.app"; sourceTree = BUILT_PRODUCTS_DIR; };
		9D5C1F2921A06CE700B3D493 /* AppDelegate.swift */ = {isa = PBXFileReference; lastKnownFileType = sourcecode.swift; path = AppDelegate.swift; sourceTree = "<group>"; };
		9D5C1F2B21A06CE700B3D493 /* CharacterSheetViewController.swift */ = {isa = PBXFileReference; lastKnownFileType = sourcecode.swift; path = CharacterSheetViewController.swift; sourceTree = "<group>"; };
		9D5C1F3021A06CE800B3D493 /* Assets.xcassets */ = {isa = PBXFileReference; lastKnownFileType = folder.assetcatalog; path = Assets.xcassets; sourceTree = "<group>"; };
		9D5C1F3321A06CE800B3D493 /* Base */ = {isa = PBXFileReference; lastKnownFileType = file.storyboard; name = Base; path = Base.lproj/LaunchScreen.storyboard; sourceTree = "<group>"; };
		9D5C1F3521A06CE800B3D493 /* Info.plist */ = {isa = PBXFileReference; lastKnownFileType = text.plist.xml; path = Info.plist; sourceTree = "<group>"; };
		9D5C1F3A21A06CE800B3D493 /* CP2020-Character-SheetTests.xctest */ = {isa = PBXFileReference; explicitFileType = wrapper.cfbundle; includeInIndex = 0; path = "CP2020-Character-SheetTests.xctest"; sourceTree = BUILT_PRODUCTS_DIR; };
		9D5C1F4021A06CE800B3D493 /* Info.plist */ = {isa = PBXFileReference; lastKnownFileType = text.plist.xml; path = Info.plist; sourceTree = "<group>"; };
		9D5C1F4521A06CE800B3D493 /* CP2020-Character-SheetUITests.xctest */ = {isa = PBXFileReference; explicitFileType = wrapper.cfbundle; includeInIndex = 0; path = "CP2020-Character-SheetUITests.xctest"; sourceTree = BUILT_PRODUCTS_DIR; };
		9D5C1F4921A06CE800B3D493 /* CP2020_Character_SheetUITests.swift */ = {isa = PBXFileReference; lastKnownFileType = sourcecode.swift; path = CP2020_Character_SheetUITests.swift; sourceTree = "<group>"; };
		9D5C1F4B21A06CE800B3D493 /* Info.plist */ = {isa = PBXFileReference; lastKnownFileType = text.plist.xml; path = Info.plist; sourceTree = "<group>"; };
		9D5C1F5921A0775B00B3D493 /* DamageViewCell.swift */ = {isa = PBXFileReference; lastKnownFileType = sourcecode.swift; path = DamageViewCell.swift; sourceTree = "<group>"; };
		9D5C1F5B21A0794400B3D493 /* DamageSectionView.swift */ = {isa = PBXFileReference; lastKnownFileType = sourcecode.swift; path = DamageSectionView.swift; sourceTree = "<group>"; };
		9D5C1F5D21A07E1500B3D493 /* DamageSectionViewModel.swift */ = {isa = PBXFileReference; lastKnownFileType = sourcecode.swift; path = DamageSectionViewModel.swift; sourceTree = "<group>"; };
		9D85671A230C93C600295479 /* EditorCollectionViewModel+Stats.swift */ = {isa = PBXFileReference; lastKnownFileType = sourcecode.swift; path = "EditorCollectionViewModel+Stats.swift"; sourceTree = "<group>"; };
		9D85671C230C960100295479 /* StatsStrings.swift */ = {isa = PBXFileReference; lastKnownFileType = sourcecode.swift; path = StatsStrings.swift; sourceTree = "<group>"; };
		9D85671E230F62EF00295479 /* Rules.swift */ = {isa = PBXFileReference; lastKnownFileType = sourcecode.swift; path = Rules.swift; sourceTree = "<group>"; };
		9D856720230F65AA00295479 /* CharacterValidator.swift */ = {isa = PBXFileReference; lastKnownFileType = sourcecode.swift; path = CharacterValidator.swift; sourceTree = "<group>"; };
		9DCD370021CC024C00EE00D9 /* HighlightedSkillViewCellModel.swift */ = {isa = PBXFileReference; lastKnownFileType = sourcecode.swift; path = HighlightedSkillViewCellModel.swift; sourceTree = "<group>"; };
		9DCD370421CC105900EE00D9 /* Skill.swift */ = {isa = PBXFileReference; lastKnownFileType = sourcecode.swift; path = Skill.swift; sourceTree = "<group>"; };
		9DCD370621CC135A00EE00D9 /* SkillListing.swift */ = {isa = PBXFileReference; lastKnownFileType = sourcecode.swift; path = SkillListing.swift; sourceTree = "<group>"; };
		9DCD370A21CC239B00EE00D9 /* SkillTableViewController.swift */ = {isa = PBXFileReference; lastKnownFileType = sourcecode.swift; path = SkillTableViewController.swift; sourceTree = "<group>"; };
		9DCD371021CC246300EE00D9 /* SkillTableViewCell.swift */ = {isa = PBXFileReference; lastKnownFileType = sourcecode.swift; path = SkillTableViewCell.swift; sourceTree = "<group>"; };
		9DCD371421CD598D00EE00D9 /* SkillTableViewCellModel.swift */ = {isa = PBXFileReference; lastKnownFileType = sourcecode.swift; path = SkillTableViewCellModel.swift; sourceTree = "<group>"; };
		9DCD371621CD6E5B00EE00D9 /* SkillTableConstants.swift */ = {isa = PBXFileReference; lastKnownFileType = sourcecode.swift; path = SkillTableConstants.swift; sourceTree = "<group>"; };
		9DE3359621A9A53800180927 /* DamageSectionViewModelTests.swift */ = {isa = PBXFileReference; lastKnownFileType = sourcecode.swift; path = DamageSectionViewModelTests.swift; sourceTree = "<group>"; };
		9DE3359A21A9E9F700180927 /* DamageModifierViewCell.swift */ = {isa = PBXFileReference; lastKnownFileType = sourcecode.swift; path = DamageModifierViewCell.swift; sourceTree = "<group>"; };
		9DE3359D21A9EA4100180927 /* StatsViewCell.swift */ = {isa = PBXFileReference; lastKnownFileType = sourcecode.swift; path = StatsViewCell.swift; sourceTree = "<group>"; };
		9DE335A021A9EA7900180927 /* RoleDescriptionViewCell.swift */ = {isa = PBXFileReference; lastKnownFileType = sourcecode.swift; path = RoleDescriptionViewCell.swift; sourceTree = "<group>"; };
		9DE335A621A9EB5B00180927 /* HighlightedSkillViewCell.swift */ = {isa = PBXFileReference; lastKnownFileType = sourcecode.swift; path = HighlightedSkillViewCell.swift; sourceTree = "<group>"; };
		9DE335A921A9F27400180927 /* TotalDamageDataSource.swift */ = {isa = PBXFileReference; lastKnownFileType = sourcecode.swift; path = TotalDamageDataSource.swift; sourceTree = "<group>"; };
		9DE335AB21A9F2C800180927 /* TotalDamageDataSourceDelegate.swift */ = {isa = PBXFileReference; lastKnownFileType = sourcecode.swift; path = TotalDamageDataSourceDelegate.swift; sourceTree = "<group>"; };
		9DFA19EA21CE979F0092A450 /* CharacterSheetDataSourceCoordinator.swift */ = {isa = PBXFileReference; lastKnownFileType = sourcecode.swift; path = CharacterSheetDataSourceCoordinator.swift; sourceTree = "<group>"; };
		9DFA19EE21CE9D920092A450 /* HighlightedSkillViewCellDataSource.swift */ = {isa = PBXFileReference; lastKnownFileType = sourcecode.swift; path = HighlightedSkillViewCellDataSource.swift; sourceTree = "<group>"; };
		9DFA19F021CE9EE10092A450 /* Notification+Cyberpunk.swift */ = {isa = PBXFileReference; lastKnownFileType = sourcecode.swift; path = "Notification+Cyberpunk.swift"; sourceTree = "<group>"; };
		9DFA19F221CF1F260092A450 /* JSONFactory.swift */ = {isa = PBXFileReference; lastKnownFileType = sourcecode.swift; path = JSONFactory.swift; sourceTree = "<group>"; };
		9DFA19F421CF25780092A450 /* Skills.json */ = {isa = PBXFileReference; lastKnownFileType = text.json; path = Skills.json; sourceTree = "<group>"; };
		9DFCB7A621D0666100F99798 /* Edgerunner.swift */ = {isa = PBXFileReference; lastKnownFileType = sourcecode.swift; path = Edgerunner.swift; sourceTree = "<group>"; };
		9DFCB7A821D0674A00F99798 /* Stats.swift */ = {isa = PBXFileReference; lastKnownFileType = sourcecode.swift; path = Stats.swift; sourceTree = "<group>"; };
		9DFCB7AA21D071EE00F99798 /* IO.swift */ = {isa = PBXFileReference; lastKnownFileType = sourcecode.swift; path = IO.swift; sourceTree = "<group>"; };
		9DFCB7AD21D14EC400F99798 /* SkillsDataSource.swift */ = {isa = PBXFileReference; lastKnownFileType = sourcecode.swift; path = SkillsDataSource.swift; sourceTree = "<group>"; };
		9DFCB7AF21D1506C00F99798 /* SkillModel.swift */ = {isa = PBXFileReference; lastKnownFileType = sourcecode.swift; path = SkillModel.swift; sourceTree = "<group>"; };
		9DFCB7B521D17AD000F99798 /* SkillTableSections.swift */ = {isa = PBXFileReference; lastKnownFileType = sourcecode.swift; path = SkillTableSections.swift; sourceTree = "<group>"; };
		9DFCB7B921D298E000F99798 /* SkillTableViewModel.swift */ = {isa = PBXFileReference; lastKnownFileType = sourcecode.swift; path = SkillTableViewModel.swift; sourceTree = "<group>"; };
		9DFCB7BB21D5121A00F99798 /* CharacterSheetFileHandler.swift */ = {isa = PBXFileReference; lastKnownFileType = sourcecode.swift; path = CharacterSheetFileHandler.swift; sourceTree = "<group>"; };
		9DFCB7BD21D5156A00F99798 /* ModelReceiver.swift */ = {isa = PBXFileReference; lastKnownFileType = sourcecode.swift; path = ModelReceiver.swift; sourceTree = "<group>"; };
		9DFE711021BD92C9000561B0 /* StatView.swift */ = {isa = PBXFileReference; lastKnownFileType = sourcecode.swift; path = StatView.swift; sourceTree = "<group>"; };
		9DFE711221BD933A000561B0 /* StatViewModel.swift */ = {isa = PBXFileReference; lastKnownFileType = sourcecode.swift; path = StatViewModel.swift; sourceTree = "<group>"; };
		9DFE711421BD94FD000561B0 /* Stat.swift */ = {isa = PBXFileReference; lastKnownFileType = sourcecode.swift; path = Stat.swift; sourceTree = "<group>"; };
		9DFE711621BDA18B000561B0 /* StatsViewCellModel.swift */ = {isa = PBXFileReference; lastKnownFileType = sourcecode.swift; path = StatsViewCellModel.swift; sourceTree = "<group>"; };
/* End PBXFileReference section */

/* Begin PBXFrameworksBuildPhase section */
		9D5C1F2321A06CE700B3D493 /* Frameworks */ = {
			isa = PBXFrameworksBuildPhase;
			buildActionMask = 2147483647;
			files = (
			);
			runOnlyForDeploymentPostprocessing = 0;
		};
		9D5C1F3721A06CE800B3D493 /* Frameworks */ = {
			isa = PBXFrameworksBuildPhase;
			buildActionMask = 2147483647;
			files = (
			);
			runOnlyForDeploymentPostprocessing = 0;
		};
		9D5C1F4221A06CE800B3D493 /* Frameworks */ = {
			isa = PBXFrameworksBuildPhase;
			buildActionMask = 2147483647;
			files = (
			);
			runOnlyForDeploymentPostprocessing = 0;
		};
/* End PBXFrameworksBuildPhase section */

/* Begin PBXGroup section */
		9D0003B921FE5FA30044F84A /* Cells */ = {
			isa = PBXGroup;
			children = (
				9D0003AA21FE48C20044F84A /* ShortFormTextEntryCollectionViewCells.swift */,
				9D0003B021FE493C0044F84A /* LongFormTextEntryCollectionViewCell.swift */,
				9D0003A821FE479D0044F84A /* UserEntryCollectionViewCell.swift */,
				9D4458072232BE6B00AC4EFE /* CommonEntryConstructor.swift */,
				9D004E5821DA7FE1004DFA4D /* EntryType.swift */,
			);
			path = Cells;
			sourceTree = "<group>";
		};
		9D004E2E21D80A6D004DFA4D /* Detail Views */ = {
			isa = PBXGroup;
			children = (
				9D3761E921EE702C0027513E /* New Editor */,
				9D004E3921D82B8D004DFA4D /* Decoration View */,
			);
			path = "Detail Views";
			sourceTree = "<group>";
		};
		9D004E2F21D80A9C004DFA4D /* Coordinator */ = {
			isa = PBXGroup;
			children = (
				9D2CFA0321C5921A00EC76D7 /* CharacterSheetCoordinator.swift */,
				9DFA19EA21CE979F0092A450 /* CharacterSheetDataSourceCoordinator.swift */,
			);
			path = Coordinator;
			sourceTree = "<group>";
		};
		9D004E3621D8125E004DFA4D /* Data Source */ = {
			isa = PBXGroup;
			children = (
				9D004E3021D80C5F004DFA4D /* CharacterDescriptionDataSource.swift */,
				9D004E3421D8114B004DFA4D /* CharacterDescriptionDataSourceDelegate.swift */,
			);
			path = "Data Source";
			sourceTree = "<group>";
		};
		9D004E3921D82B8D004DFA4D /* Decoration View */ = {
			isa = PBXGroup;
			children = (
				9D004E2A21D6E282004DFA4D /* PrinterPaperView.swift */,
				9D004E2C21D6E37C004DFA4D /* PrinterPaperViewModel.swift */,
				9D004E4021D93074004DFA4D /* PopoverViewFrameProvider.swift */,
			);
			path = "Decoration View";
			sourceTree = "<group>";
		};
		9D3761E921EE702C0027513E /* New Editor */ = {
			isa = PBXGroup;
			children = (
				9D0003A321FE46000044F84A /* EditorCollectionViewController.swift */,
				9D029D3622D817C500D75A52 /* UserEntryDelegate.swift */,
				9D0003B421FE54CD0044F84A /* EditorCollectionViewModel.swift */,
				9D0003B621FE5CC20044F84A /* EditorCollectionViewModel+SkillListing.swift */,
				9D0003B221FE4E9D0044F84A /* EditorStyleConstants.swift */,
				9D004E4821D945FB004DFA4D /* EditorValueReciever.swift */,
				9D0003B921FE5FA30044F84A /* Cells */,
			);
			path = "New Editor";
			sourceTree = "<group>";
		};
		9D5C1F1D21A06CE700B3D493 = {
			isa = PBXGroup;
			children = (
				9D5C1F2821A06CE700B3D493 /* CP2020-Character-Sheet */,
				9D5C1F3D21A06CE800B3D493 /* CP2020-Character-SheetTests */,
				9D5C1F4821A06CE800B3D493 /* CP2020-Character-SheetUITests */,
				9D5C1F2721A06CE700B3D493 /* Products */,
			);
			sourceTree = "<group>";
		};
		9D5C1F2721A06CE700B3D493 /* Products */ = {
			isa = PBXGroup;
			children = (
				9D5C1F2621A06CE700B3D493 /* CP2020-Character-Sheet.app */,
				9D5C1F3A21A06CE800B3D493 /* CP2020-Character-SheetTests.xctest */,
				9D5C1F4521A06CE800B3D493 /* CP2020-Character-SheetUITests.xctest */,
			);
			name = Products;
			sourceTree = "<group>";
		};
		9D5C1F2821A06CE700B3D493 /* CP2020-Character-Sheet */ = {
			isa = PBXGroup;
			children = (
				9D5C1F3221A06CE800B3D493 /* LaunchScreen.storyboard */,
				9D5C1F3521A06CE800B3D493 /* Info.plist */,
				9D5C1F3021A06CE800B3D493 /* Assets.xcassets */,
				9DFA19F621CF25E40092A450 /* Data */,
				9D5C1F5721A0712100B3D493 /* Application */,
			);
			path = "CP2020-Character-Sheet";
			sourceTree = "<group>";
		};
		9D5C1F3D21A06CE800B3D493 /* CP2020-Character-SheetTests */ = {
			isa = PBXGroup;
			children = (
				9D5C1F4021A06CE800B3D493 /* Info.plist */,
				9DE3359621A9A53800180927 /* DamageSectionViewModelTests.swift */,
				9D552CF321AB1050008B90E9 /* DamageControllerTests.swift */,
			);
			path = "CP2020-Character-SheetTests";
			sourceTree = "<group>";
		};
		9D5C1F4821A06CE800B3D493 /* CP2020-Character-SheetUITests */ = {
			isa = PBXGroup;
			children = (
				9D5C1F4921A06CE800B3D493 /* CP2020_Character_SheetUITests.swift */,
				9D5C1F4B21A06CE800B3D493 /* Info.plist */,
			);
			path = "CP2020-Character-SheetUITests";
			sourceTree = "<group>";
		};
		9D5C1F5721A0712100B3D493 /* Application */ = {
			isa = PBXGroup;
			children = (
				9D5C1F2921A06CE700B3D493 /* AppDelegate.swift */,
				9DCD370E21CC240600EE00D9 /* App Constants */,
				9D004E2F21D80A9C004DFA4D /* Coordinator */,
				9D004E2E21D80A6D004DFA4D /* Detail Views */,
				9DFCB7AC21D0724B00F99798 /* Persistence */,
				9DFA19ED21CE9C210092A450 /* Character Model */,
				9D5C1F5821A0712E00B3D493 /* Character Sheet View */,
				9DCD370C21CC23C000EE00D9 /* Skill Table View */,
				9DCD370D21CC23EE00EE00D9 /* Foundation Helpers and Extensions */,
			);
			path = Application;
			sourceTree = "<group>";
		};
		9D5C1F5821A0712E00B3D493 /* Character Sheet View */ = {
			isa = PBXGroup;
			children = (
				9D24375521A091AE0084E77D /* CharacterSheetSections.swift */,
				9D5C1F2B21A06CE700B3D493 /* CharacterSheetViewController.swift */,
				9DE335A221A9EA7C00180927 /* Character Description View */,
				9DE3359F21A9EA4500180927 /* Stats View */,
				9DE3359C21A9EA0A00180927 /* Damage Modifier View */,
				9D5C1F5F21A07E4900B3D493 /* Damage View */,
				9DE335A821A9EB6800180927 /* Highlighted Skill View */,
			);
			path = "Character Sheet View";
			sourceTree = "<group>";
		};
		9D5C1F5F21A07E4900B3D493 /* Damage View */ = {
			isa = PBXGroup;
			children = (
				9DE335AD21A9F42900180927 /* Data Source */,
				9D5C1F5921A0775B00B3D493 /* DamageViewCell.swift */,
				9D5C1F5B21A0794400B3D493 /* DamageSectionView.swift */,
				9D5C1F5D21A07E1500B3D493 /* DamageSectionViewModel.swift */,
				9D24375321A085DE0084E77D /* WoundType.swift */,
			);
			path = "Damage View";
			sourceTree = "<group>";
		};
		9DCD370321CC065500EE00D9 /* Character Class */ = {
			isa = PBXGroup;
			children = (
				9D2CFA0721C59B9400EC76D7 /* RoleView.swift */,
				9D2CFA0921C59BEA00EC76D7 /* RoleViewModel.swift */,
			);
			path = "Character Class";
			sourceTree = "<group>";
		};
		9DCD370C21CC23C000EE00D9 /* Skill Table View */ = {
			isa = PBXGroup;
			children = (
				9DFCB7B721D298A300F99798 /* Table View */,
				9DFCB7B421D16D5800F99798 /* Data Source */,
				9DFCB7B821D298B100F99798 /* Table Cell */,
				9DCD371621CD6E5B00EE00D9 /* SkillTableConstants.swift */,
				9D3761EA21EE704E0027513E /* SkillStrings.swift */,
			);
			path = "Skill Table View";
			sourceTree = "<group>";
		};
		9DCD370D21CC23EE00EE00D9 /* Foundation Helpers and Extensions */ = {
			isa = PBXGroup;
			children = (
				9D11763721BDCE0300E297BA /* UILabel+LabelContainer.swift */,
				9D4724A12309F06D00CECEA2 /* UICollectionViewLayout+Common.swift */,
				9D552CFB21ACE775008B90E9 /* UIFont+BestFit.swift */,
				9D004E5A21DADCC3004DFA4D /* UIView+Image.swift */,
				9D004E3721D81BC5004DFA4D /* UsedOnce.swift */,
				9D2CFA0521C593D200EC76D7 /* MarginCreator.swift */,
				9DFA19F021CE9EE10092A450 /* Notification+Cyberpunk.swift */,
				9DFA19F221CF1F260092A450 /* JSONFactory.swift */,
			);
			path = "Foundation Helpers and Extensions";
			sourceTree = "<group>";
		};
		9DCD370E21CC240600EE00D9 /* App Constants */ = {
			isa = PBXGroup;
			children = (
				9D552CF121AB0E69008B90E9 /* StyleConstants.swift */,
			);
			path = "App Constants";
			sourceTree = "<group>";
		};
		9DE3359C21A9EA0A00180927 /* Damage Modifier View */ = {
			isa = PBXGroup;
			children = (
				9DE3359A21A9E9F700180927 /* DamageModifierViewCell.swift */,
				9D552CF521AB266F008B90E9 /* DamageModifierViewModel.swift */,
				9D552CF721AC899C008B90E9 /* DamageModifierDataSource.swift */,
				9D552CF921AC89DA008B90E9 /* DamageModifierDataSourceDelegate.swift */,
			);
			path = "Damage Modifier View";
			sourceTree = "<group>";
		};
		9DE3359F21A9EA4500180927 /* Stats View */ = {
			isa = PBXGroup;
			children = (
				9DE3359D21A9EA4100180927 /* StatsViewCell.swift */,
				9D85671A230C93C600295479 /* EditorCollectionViewModel+Stats.swift */,
				9D85671C230C960100295479 /* StatsStrings.swift */,
				9DFE711621BDA18B000561B0 /* StatsViewCellModel.swift */,
				9DFE711021BD92C9000561B0 /* StatView.swift */,
				9DFE711221BD933A000561B0 /* StatViewModel.swift */,
				9D004E6021DC44F5004DFA4D /* StatsDataSource.swift */,
				9D3761E321E16AA20027513E /* StatsDataSourceDelegate.swift */,
			);
			path = "Stats View";
			sourceTree = "<group>";
		};
		9DE335A221A9EA7C00180927 /* Character Description View */ = {
			isa = PBXGroup;
			children = (
				9DE335A021A9EA7900180927 /* RoleDescriptionViewCell.swift */,
				9D2CFA0121C5913100EC76D7 /* RoleFieldLabel.swift */,
				9D47249F2309EF0100CECEA2 /* EditorCollectionViewModel+Role.swift */,
				9D4724A32309F2B600CECEA2 /* RoleStrings.swift */,
				9D004E3621D8125E004DFA4D /* Data Source */,
				9D2CF9FD21C4336900EC76D7 /* CharacterDescriptionView.swift */,
				9D2CF9FF21C433C500EC76D7 /* CharacterDescriptionViewModel.swift */,
				9DCD370321CC065500EE00D9 /* Character Class */,
			);
			path = "Character Description View";
			sourceTree = "<group>";
		};
		9DE335A821A9EB6800180927 /* Highlighted Skill View */ = {
			isa = PBXGroup;
			children = (
				9DE335A621A9EB5B00180927 /* HighlightedSkillViewCell.swift */,
				9DFA19EE21CE9D920092A450 /* HighlightedSkillViewCellDataSource.swift */,
				9DCD370021CC024C00EE00D9 /* HighlightedSkillViewCellModel.swift */,
			);
			path = "Highlighted Skill View";
			sourceTree = "<group>";
		};
		9DE335AD21A9F42900180927 /* Data Source */ = {
			isa = PBXGroup;
			children = (
				9DE335AB21A9F2C800180927 /* TotalDamageDataSourceDelegate.swift */,
				9DE335A921A9F27400180927 /* TotalDamageDataSource.swift */,
			);
			path = "Data Source";
			sourceTree = "<group>";
		};
		9DFA19ED21CE9C210092A450 /* Character Model */ = {
			isa = PBXGroup;
			children = (
				9DFCB7A621D0666100F99798 /* Edgerunner.swift */,
				9D004E2621D5A97D004DFA4D /* ModelManager.swift */,
				9DFE711421BD94FD000561B0 /* Stat.swift */,
				9DFCB7A821D0674A00F99798 /* Stats.swift */,
				9D2CFA0B21C59D7900EC76D7 /* Role.swift */,
				9DCD370421CC105900EE00D9 /* Skill.swift */,
				9DCD370621CC135A00EE00D9 /* SkillListing.swift */,
				9D0003A121F4FD080044F84A /* SkillField.swift */,
				9D856720230F65AA00295479 /* CharacterValidator.swift */,
				9D85671E230F62EF00295479 /* Rules.swift */,
				9DFCB7B121D150D500F99798 /* Model Protocols */,
			);
			path = "Character Model";
			sourceTree = "<group>";
		};
		9DFA19F621CF25E40092A450 /* Data */ = {
			isa = PBXGroup;
			children = (
				9DFA19F421CF25780092A450 /* Skills.json */,
			);
			path = Data;
			sourceTree = "<group>";
		};
		9DFCB7AC21D0724B00F99798 /* Persistence */ = {
			isa = PBXGroup;
			children = (
				9DFCB7AA21D071EE00F99798 /* IO.swift */,
				9DFCB7BB21D5121A00F99798 /* CharacterSheetFileHandler.swift */,
				9DFCB7BD21D5156A00F99798 /* ModelReceiver.swift */,
			);
			path = Persistence;
			sourceTree = "<group>";
		};
		9DFCB7B121D150D500F99798 /* Model Protocols */ = {
			isa = PBXGroup;
			children = (
				9DFCB7AF21D1506C00F99798 /* SkillModel.swift */,
				9D004E6221DC45F2004DFA4D /* StatsModel.swift */,
				9D004E3221D80DB5004DFA4D /* CharacterDescriptionModel.swift */,
			);
			path = "Model Protocols";
			sourceTree = "<group>";
		};
		9DFCB7B421D16D5800F99798 /* Data Source */ = {
			isa = PBXGroup;
			children = (
				9DFCB7AD21D14EC400F99798 /* SkillsDataSource.swift */,
				9D004E2421D59B9E004DFA4D /* SkillsDataSourceDelegate.swift */,
			);
			path = "Data Source";
			sourceTree = "<group>";
		};
		9DFCB7B721D298A300F99798 /* Table View */ = {
			isa = PBXGroup;
			children = (
				9DCD370A21CC239B00EE00D9 /* SkillTableViewController.swift */,
				9DFCB7B921D298E000F99798 /* SkillTableViewModel.swift */,
				9DFCB7B521D17AD000F99798 /* SkillTableSections.swift */,
			);
			path = "Table View";
			sourceTree = "<group>";
		};
		9DFCB7B821D298B100F99798 /* Table Cell */ = {
			isa = PBXGroup;
			children = (
				9DCD371021CC246300EE00D9 /* SkillTableViewCell.swift */,
				9D3761E521EA7AA50027513E /* SkillTableViewCellDelegate.swift */,
				9DCD371421CD598D00EE00D9 /* SkillTableViewCellModel.swift */,
			);
			path = "Table Cell";
			sourceTree = "<group>";
		};
/* End PBXGroup section */

/* Begin PBXNativeTarget section */
		9D5C1F2521A06CE700B3D493 /* CP2020-Character-Sheet */ = {
			isa = PBXNativeTarget;
			buildConfigurationList = 9D5C1F4E21A06CE800B3D493 /* Build configuration list for PBXNativeTarget "CP2020-Character-Sheet" */;
			buildPhases = (
				9D5C1F2221A06CE700B3D493 /* Sources */,
				9D5C1F2321A06CE700B3D493 /* Frameworks */,
				9D5C1F2421A06CE700B3D493 /* Resources */,
			);
			buildRules = (
			);
			dependencies = (
			);
			name = "CP2020-Character-Sheet";
			productName = "CP2020-Character-Sheet";
			productReference = 9D5C1F2621A06CE700B3D493 /* CP2020-Character-Sheet.app */;
			productType = "com.apple.product-type.application";
		};
		9D5C1F3921A06CE800B3D493 /* CP2020-Character-SheetTests */ = {
			isa = PBXNativeTarget;
			buildConfigurationList = 9D5C1F5121A06CE800B3D493 /* Build configuration list for PBXNativeTarget "CP2020-Character-SheetTests" */;
			buildPhases = (
				9D5C1F3621A06CE800B3D493 /* Sources */,
				9D5C1F3721A06CE800B3D493 /* Frameworks */,
				9D5C1F3821A06CE800B3D493 /* Resources */,
			);
			buildRules = (
			);
			dependencies = (
				9D5C1F3C21A06CE800B3D493 /* PBXTargetDependency */,
			);
			name = "CP2020-Character-SheetTests";
			productName = "CP2020-Character-SheetTests";
			productReference = 9D5C1F3A21A06CE800B3D493 /* CP2020-Character-SheetTests.xctest */;
			productType = "com.apple.product-type.bundle.unit-test";
		};
		9D5C1F4421A06CE800B3D493 /* CP2020-Character-SheetUITests */ = {
			isa = PBXNativeTarget;
			buildConfigurationList = 9D5C1F5421A06CE800B3D493 /* Build configuration list for PBXNativeTarget "CP2020-Character-SheetUITests" */;
			buildPhases = (
				9D5C1F4121A06CE800B3D493 /* Sources */,
				9D5C1F4221A06CE800B3D493 /* Frameworks */,
				9D5C1F4321A06CE800B3D493 /* Resources */,
			);
			buildRules = (
			);
			dependencies = (
				9D5C1F4721A06CE800B3D493 /* PBXTargetDependency */,
			);
			name = "CP2020-Character-SheetUITests";
			productName = "CP2020-Character-SheetUITests";
			productReference = 9D5C1F4521A06CE800B3D493 /* CP2020-Character-SheetUITests.xctest */;
			productType = "com.apple.product-type.bundle.ui-testing";
		};
/* End PBXNativeTarget section */

/* Begin PBXProject section */
		9D5C1F1E21A06CE700B3D493 /* Project object */ = {
			isa = PBXProject;
			attributes = {
				LastSwiftUpdateCheck = 1010;
				LastUpgradeCheck = 1010;
				ORGANIZATIONNAME = "Ken Krzeminski";
				TargetAttributes = {
					9D5C1F2521A06CE700B3D493 = {
						CreatedOnToolsVersion = 10.1;
						LastSwiftMigration = 1020;
					};
					9D5C1F3921A06CE800B3D493 = {
						CreatedOnToolsVersion = 10.1;
						LastSwiftMigration = 1020;
						TestTargetID = 9D5C1F2521A06CE700B3D493;
					};
					9D5C1F4421A06CE800B3D493 = {
						CreatedOnToolsVersion = 10.1;
						LastSwiftMigration = 1020;
						TestTargetID = 9D5C1F2521A06CE700B3D493;
					};
				};
			};
			buildConfigurationList = 9D5C1F2121A06CE700B3D493 /* Build configuration list for PBXProject "CP2020-Character-Sheet" */;
			compatibilityVersion = "Xcode 10.0";
			developmentRegion = en;
			hasScannedForEncodings = 0;
			knownRegions = (
				en,
				Base,
			);
			mainGroup = 9D5C1F1D21A06CE700B3D493;
			productRefGroup = 9D5C1F2721A06CE700B3D493 /* Products */;
			projectDirPath = "";
			projectRoot = "";
			targets = (
				9D5C1F2521A06CE700B3D493 /* CP2020-Character-Sheet */,
				9D5C1F3921A06CE800B3D493 /* CP2020-Character-SheetTests */,
				9D5C1F4421A06CE800B3D493 /* CP2020-Character-SheetUITests */,
			);
		};
/* End PBXProject section */

/* Begin PBXResourcesBuildPhase section */
		9D5C1F2421A06CE700B3D493 /* Resources */ = {
			isa = PBXResourcesBuildPhase;
			buildActionMask = 2147483647;
			files = (
				9DFA19F521CF25780092A450 /* Skills.json in Resources */,
				9D5C1F3421A06CE800B3D493 /* LaunchScreen.storyboard in Resources */,
				9D5C1F3121A06CE800B3D493 /* Assets.xcassets in Resources */,
			);
			runOnlyForDeploymentPostprocessing = 0;
		};
		9D5C1F3821A06CE800B3D493 /* Resources */ = {
			isa = PBXResourcesBuildPhase;
			buildActionMask = 2147483647;
			files = (
			);
			runOnlyForDeploymentPostprocessing = 0;
		};
		9D5C1F4321A06CE800B3D493 /* Resources */ = {
			isa = PBXResourcesBuildPhase;
			buildActionMask = 2147483647;
			files = (
			);
			runOnlyForDeploymentPostprocessing = 0;
		};
/* End PBXResourcesBuildPhase section */

/* Begin PBXSourcesBuildPhase section */
		9D5C1F2221A06CE700B3D493 /* Sources */ = {
			isa = PBXSourcesBuildPhase;
			buildActionMask = 2147483647;
			files = (
				9D552CFA21AC89DA008B90E9 /* DamageModifierDataSourceDelegate.swift in Sources */,
				9D85671D230C960100295479 /* StatsStrings.swift in Sources */,
				9D4724A22309F06D00CECEA2 /* UICollectionViewLayout+Common.swift in Sources */,
				9DFCB7A921D0674A00F99798 /* Stats.swift in Sources */,
				9DE3359B21A9E9F700180927 /* DamageModifierViewCell.swift in Sources */,
				9D85671F230F62EF00295479 /* Rules.swift in Sources */,
				9DFCB7AB21D071EE00F99798 /* IO.swift in Sources */,
				9D004E2D21D6E37C004DFA4D /* PrinterPaperViewModel.swift in Sources */,
				9DCD370B21CC239B00EE00D9 /* SkillTableViewController.swift in Sources */,
				9DFE711721BDA18B000561B0 /* StatsViewCellModel.swift in Sources */,
				9DFE711321BD933A000561B0 /* StatViewModel.swift in Sources */,
				9DFA19F121CE9EE10092A450 /* Notification+Cyberpunk.swift in Sources */,
				9DFCB7BE21D5156A00F99798 /* ModelReceiver.swift in Sources */,
				9D2CFA0821C59B9400EC76D7 /* RoleView.swift in Sources */,
				9D552CF221AB0E69008B90E9 /* StyleConstants.swift in Sources */,
				9DFCB7BC21D5121A00F99798 /* CharacterSheetFileHandler.swift in Sources */,
				9D004E5B21DADCC3004DFA4D /* UIView+Image.swift in Sources */,
				9D004E3521D8114B004DFA4D /* CharacterDescriptionDataSourceDelegate.swift in Sources */,
				9D004E5921DA7FE1004DFA4D /* EntryType.swift in Sources */,
				9DFA19F321CF1F260092A450 /* JSONFactory.swift in Sources */,
				9D2CFA0C21C59D7900EC76D7 /* Role.swift in Sources */,
				9D029D3722D817C500D75A52 /* UserEntryDelegate.swift in Sources */,
				9D24375621A091AF0084E77D /* CharacterSheetSections.swift in Sources */,
				9D4458082232BE6B00AC4EFE /* CommonEntryConstructor.swift in Sources */,
				9DFCB7AE21D14EC400F99798 /* SkillsDataSource.swift in Sources */,
				9D0003A421FE46000044F84A /* EditorCollectionViewController.swift in Sources */,
				9D0003A221F4FD080044F84A /* SkillField.swift in Sources */,
				9D552CFC21ACE775008B90E9 /* UIFont+BestFit.swift in Sources */,
				9DCD370521CC105900EE00D9 /* Skill.swift in Sources */,
				9DCD370121CC024C00EE00D9 /* HighlightedSkillViewCellModel.swift in Sources */,
				9D5C1F2C21A06CE700B3D493 /* CharacterSheetViewController.swift in Sources */,
				9DFCB7B621D17AD000F99798 /* SkillTableSections.swift in Sources */,
				9DE335A721A9EB5B00180927 /* HighlightedSkillViewCell.swift in Sources */,
				9D11763821BDCE0300E297BA /* UILabel+LabelContainer.swift in Sources */,
				9D4724A42309F2B600CECEA2 /* RoleStrings.swift in Sources */,
				9D552CF621AB266F008B90E9 /* DamageModifierViewModel.swift in Sources */,
				9D3761E621EA7AA50027513E /* SkillTableViewCellDelegate.swift in Sources */,
				9D856721230F65AA00295479 /* CharacterValidator.swift in Sources */,
				9D0003B521FE54CD0044F84A /* EditorCollectionViewModel.swift in Sources */,
				9D5C1F5E21A07E1500B3D493 /* DamageSectionViewModel.swift in Sources */,
				9D85671B230C93C600295479 /* EditorCollectionViewModel+Stats.swift in Sources */,
				9D0003B121FE493C0044F84A /* LongFormTextEntryCollectionViewCell.swift in Sources */,
				9DFE711521BD94FD000561B0 /* Stat.swift in Sources */,
				9DFCB7BA21D298E000F99798 /* SkillTableViewModel.swift in Sources */,
				9D004E3121D80C5F004DFA4D /* CharacterDescriptionDataSource.swift in Sources */,
				9D004E2721D5A97D004DFA4D /* ModelManager.swift in Sources */,
				9DFA19EF21CE9D920092A450 /* HighlightedSkillViewCellDataSource.swift in Sources */,
				9DFCB7B021D1506C00F99798 /* SkillModel.swift in Sources */,
				9D5C1F5C21A0794400B3D493 /* DamageSectionView.swift in Sources */,
				9D4724A02309EF0100CECEA2 /* EditorCollectionViewModel+Role.swift in Sources */,
				9D2CFA0A21C59BEA00EC76D7 /* RoleViewModel.swift in Sources */,
				9D0003B721FE5CC20044F84A /* EditorCollectionViewModel+SkillListing.swift in Sources */,
				9D0003AB21FE48C20044F84A /* ShortFormTextEntryCollectionViewCells.swift in Sources */,
				9DFE711121BD92C9000561B0 /* StatView.swift in Sources */,
				9D0003A921FE479D0044F84A /* UserEntryCollectionViewCell.swift in Sources */,
				9DFA19EB21CE979F0092A450 /* CharacterSheetDataSourceCoordinator.swift in Sources */,
				9D2CF9FE21C4336900EC76D7 /* CharacterDescriptionView.swift in Sources */,
				9D2CFA0621C593D200EC76D7 /* MarginCreator.swift in Sources */,
				9D3761E421E16AA20027513E /* StatsDataSourceDelegate.swift in Sources */,
				9DE335AC21A9F2C800180927 /* TotalDamageDataSourceDelegate.swift in Sources */,
				9DCD371521CD598D00EE00D9 /* SkillTableViewCellModel.swift in Sources */,
				9D2CFA0021C433C500EC76D7 /* CharacterDescriptionViewModel.swift in Sources */,
				9D24375421A085DE0084E77D /* WoundType.swift in Sources */,
				9D5C1F2A21A06CE700B3D493 /* AppDelegate.swift in Sources */,
				9D2CFA0221C5913100EC76D7 /* RoleFieldLabel.swift in Sources */,
				9D552CF821AC899C008B90E9 /* DamageModifierDataSource.swift in Sources */,
				9D004E4121D93074004DFA4D /* PopoverViewFrameProvider.swift in Sources */,
				9D004E4921D945FB004DFA4D /* EditorValueReciever.swift in Sources */,
				9DCD370721CC135A00EE00D9 /* SkillListing.swift in Sources */,
				9D004E2B21D6E282004DFA4D /* PrinterPaperView.swift in Sources */,
				9DFCB7A721D0666100F99798 /* Edgerunner.swift in Sources */,
				9DE335A121A9EA7900180927 /* RoleDescriptionViewCell.swift in Sources */,
				9D004E6121DC44F5004DFA4D /* StatsDataSource.swift in Sources */,
				9DCD371721CD6E5B00EE00D9 /* SkillTableConstants.swift in Sources */,
				9D3761EB21EE704E0027513E /* SkillStrings.swift in Sources */,
				9D004E2521D59B9E004DFA4D /* SkillsDataSourceDelegate.swift in Sources */,
				9DE335AA21A9F27400180927 /* TotalDamageDataSource.swift in Sources */,
				9D5C1F5A21A0775B00B3D493 /* DamageViewCell.swift in Sources */,
				9D004E3821D81BC5004DFA4D /* UsedOnce.swift in Sources */,
				9D004E3321D80DB5004DFA4D /* CharacterDescriptionModel.swift in Sources */,
				9DCD371121CC246300EE00D9 /* SkillTableViewCell.swift in Sources */,
				9D2CFA0421C5921A00EC76D7 /* CharacterSheetCoordinator.swift in Sources */,
				9DE3359E21A9EA4100180927 /* StatsViewCell.swift in Sources */,
				9D0003B321FE4E9D0044F84A /* EditorStyleConstants.swift in Sources */,
				9D004E6321DC45F2004DFA4D /* StatsModel.swift in Sources */,
			);
			runOnlyForDeploymentPostprocessing = 0;
		};
		9D5C1F3621A06CE800B3D493 /* Sources */ = {
			isa = PBXSourcesBuildPhase;
			buildActionMask = 2147483647;
			files = (
				9D552CF421AB1050008B90E9 /* DamageControllerTests.swift in Sources */,
				9DE3359721A9A53800180927 /* DamageSectionViewModelTests.swift in Sources */,
			);
			runOnlyForDeploymentPostprocessing = 0;
		};
		9D5C1F4121A06CE800B3D493 /* Sources */ = {
			isa = PBXSourcesBuildPhase;
			buildActionMask = 2147483647;
			files = (
				9D5C1F4A21A06CE800B3D493 /* CP2020_Character_SheetUITests.swift in Sources */,
			);
			runOnlyForDeploymentPostprocessing = 0;
		};
/* End PBXSourcesBuildPhase section */

/* Begin PBXTargetDependency section */
		9D5C1F3C21A06CE800B3D493 /* PBXTargetDependency */ = {
			isa = PBXTargetDependency;
			target = 9D5C1F2521A06CE700B3D493 /* CP2020-Character-Sheet */;
			targetProxy = 9D5C1F3B21A06CE800B3D493 /* PBXContainerItemProxy */;
		};
		9D5C1F4721A06CE800B3D493 /* PBXTargetDependency */ = {
			isa = PBXTargetDependency;
			target = 9D5C1F2521A06CE700B3D493 /* CP2020-Character-Sheet */;
			targetProxy = 9D5C1F4621A06CE800B3D493 /* PBXContainerItemProxy */;
		};
/* End PBXTargetDependency section */

/* Begin PBXVariantGroup section */
		9D5C1F3221A06CE800B3D493 /* LaunchScreen.storyboard */ = {
			isa = PBXVariantGroup;
			children = (
				9D5C1F3321A06CE800B3D493 /* Base */,
			);
			name = LaunchScreen.storyboard;
			sourceTree = "<group>";
		};
/* End PBXVariantGroup section */

/* Begin XCBuildConfiguration section */
		9D5C1F4C21A06CE800B3D493 /* Debug */ = {
			isa = XCBuildConfiguration;
			buildSettings = {
				ALWAYS_SEARCH_USER_PATHS = NO;
				CLANG_ANALYZER_NONNULL = YES;
				CLANG_ANALYZER_NUMBER_OBJECT_CONVERSION = YES_AGGRESSIVE;
				CLANG_CXX_LANGUAGE_STANDARD = "gnu++14";
				CLANG_CXX_LIBRARY = "libc++";
				CLANG_ENABLE_MODULES = YES;
				CLANG_ENABLE_OBJC_ARC = YES;
				CLANG_ENABLE_OBJC_WEAK = YES;
				CLANG_WARN_BLOCK_CAPTURE_AUTORELEASING = YES;
				CLANG_WARN_BOOL_CONVERSION = YES;
				CLANG_WARN_COMMA = YES;
				CLANG_WARN_CONSTANT_CONVERSION = YES;
				CLANG_WARN_DEPRECATED_OBJC_IMPLEMENTATIONS = YES;
				CLANG_WARN_DIRECT_OBJC_ISA_USAGE = YES_ERROR;
				CLANG_WARN_DOCUMENTATION_COMMENTS = YES;
				CLANG_WARN_EMPTY_BODY = YES;
				CLANG_WARN_ENUM_CONVERSION = YES;
				CLANG_WARN_INFINITE_RECURSION = YES;
				CLANG_WARN_INT_CONVERSION = YES;
				CLANG_WARN_NON_LITERAL_NULL_CONVERSION = YES;
				CLANG_WARN_OBJC_IMPLICIT_RETAIN_SELF = YES;
				CLANG_WARN_OBJC_LITERAL_CONVERSION = YES;
				CLANG_WARN_OBJC_ROOT_CLASS = YES_ERROR;
				CLANG_WARN_RANGE_LOOP_ANALYSIS = YES;
				CLANG_WARN_STRICT_PROTOTYPES = YES;
				CLANG_WARN_SUSPICIOUS_MOVE = YES;
				CLANG_WARN_UNGUARDED_AVAILABILITY = YES_AGGRESSIVE;
				CLANG_WARN_UNREACHABLE_CODE = YES;
				CLANG_WARN__DUPLICATE_METHOD_MATCH = YES;
				CODE_SIGN_IDENTITY = "iPhone Developer";
				COPY_PHASE_STRIP = NO;
				DEBUG_INFORMATION_FORMAT = dwarf;
				ENABLE_STRICT_OBJC_MSGSEND = YES;
				ENABLE_TESTABILITY = YES;
				GCC_C_LANGUAGE_STANDARD = gnu11;
				GCC_DYNAMIC_NO_PIC = NO;
				GCC_NO_COMMON_BLOCKS = YES;
				GCC_OPTIMIZATION_LEVEL = 0;
				GCC_PREPROCESSOR_DEFINITIONS = (
					"DEBUG=1",
					"$(inherited)",
				);
				GCC_WARN_64_TO_32_BIT_CONVERSION = YES;
				GCC_WARN_ABOUT_RETURN_TYPE = YES_ERROR;
				GCC_WARN_UNDECLARED_SELECTOR = YES;
				GCC_WARN_UNINITIALIZED_AUTOS = YES_AGGRESSIVE;
				GCC_WARN_UNUSED_FUNCTION = YES;
				GCC_WARN_UNUSED_VARIABLE = YES;
				IPHONEOS_DEPLOYMENT_TARGET = 12.1;
				MTL_ENABLE_DEBUG_INFO = INCLUDE_SOURCE;
				MTL_FAST_MATH = YES;
				ONLY_ACTIVE_ARCH = YES;
				SDKROOT = iphoneos;
				SWIFT_ACTIVE_COMPILATION_CONDITIONS = DEBUG;
				SWIFT_OPTIMIZATION_LEVEL = "-Onone";
			};
			name = Debug;
		};
		9D5C1F4D21A06CE800B3D493 /* Release */ = {
			isa = XCBuildConfiguration;
			buildSettings = {
				ALWAYS_SEARCH_USER_PATHS = NO;
				CLANG_ANALYZER_NONNULL = YES;
				CLANG_ANALYZER_NUMBER_OBJECT_CONVERSION = YES_AGGRESSIVE;
				CLANG_CXX_LANGUAGE_STANDARD = "gnu++14";
				CLANG_CXX_LIBRARY = "libc++";
				CLANG_ENABLE_MODULES = YES;
				CLANG_ENABLE_OBJC_ARC = YES;
				CLANG_ENABLE_OBJC_WEAK = YES;
				CLANG_WARN_BLOCK_CAPTURE_AUTORELEASING = YES;
				CLANG_WARN_BOOL_CONVERSION = YES;
				CLANG_WARN_COMMA = YES;
				CLANG_WARN_CONSTANT_CONVERSION = YES;
				CLANG_WARN_DEPRECATED_OBJC_IMPLEMENTATIONS = YES;
				CLANG_WARN_DIRECT_OBJC_ISA_USAGE = YES_ERROR;
				CLANG_WARN_DOCUMENTATION_COMMENTS = YES;
				CLANG_WARN_EMPTY_BODY = YES;
				CLANG_WARN_ENUM_CONVERSION = YES;
				CLANG_WARN_INFINITE_RECURSION = YES;
				CLANG_WARN_INT_CONVERSION = YES;
				CLANG_WARN_NON_LITERAL_NULL_CONVERSION = YES;
				CLANG_WARN_OBJC_IMPLICIT_RETAIN_SELF = YES;
				CLANG_WARN_OBJC_LITERAL_CONVERSION = YES;
				CLANG_WARN_OBJC_ROOT_CLASS = YES_ERROR;
				CLANG_WARN_RANGE_LOOP_ANALYSIS = YES;
				CLANG_WARN_STRICT_PROTOTYPES = YES;
				CLANG_WARN_SUSPICIOUS_MOVE = YES;
				CLANG_WARN_UNGUARDED_AVAILABILITY = YES_AGGRESSIVE;
				CLANG_WARN_UNREACHABLE_CODE = YES;
				CLANG_WARN__DUPLICATE_METHOD_MATCH = YES;
				CODE_SIGN_IDENTITY = "iPhone Developer";
				COPY_PHASE_STRIP = NO;
				DEBUG_INFORMATION_FORMAT = "dwarf-with-dsym";
				ENABLE_NS_ASSERTIONS = NO;
				ENABLE_STRICT_OBJC_MSGSEND = YES;
				GCC_C_LANGUAGE_STANDARD = gnu11;
				GCC_NO_COMMON_BLOCKS = YES;
				GCC_WARN_64_TO_32_BIT_CONVERSION = YES;
				GCC_WARN_ABOUT_RETURN_TYPE = YES_ERROR;
				GCC_WARN_UNDECLARED_SELECTOR = YES;
				GCC_WARN_UNINITIALIZED_AUTOS = YES_AGGRESSIVE;
				GCC_WARN_UNUSED_FUNCTION = YES;
				GCC_WARN_UNUSED_VARIABLE = YES;
				IPHONEOS_DEPLOYMENT_TARGET = 12.1;
				MTL_ENABLE_DEBUG_INFO = NO;
				MTL_FAST_MATH = YES;
				SDKROOT = iphoneos;
				SWIFT_COMPILATION_MODE = wholemodule;
				SWIFT_OPTIMIZATION_LEVEL = "-O";
				VALIDATE_PRODUCT = YES;
			};
			name = Release;
		};
		9D5C1F4F21A06CE800B3D493 /* Debug */ = {
			isa = XCBuildConfiguration;
			buildSettings = {
				ASSETCATALOG_COMPILER_APPICON_NAME = AppIcon;
				CODE_SIGN_IDENTITY = "iPhone Developer";
				CODE_SIGN_STYLE = Manual;
				DEVELOPMENT_TEAM = "";
				INFOPLIST_FILE = "CP2020-Character-Sheet/Info.plist";
				LD_RUNPATH_SEARCH_PATHS = (
					"$(inherited)",
					"@executable_path/Frameworks",
				);
				PRODUCT_BUNDLE_IDENTIFIER = "krze.CP2020-Character-Sheet";
				PRODUCT_NAME = "$(TARGET_NAME)";
				PROVISIONING_PROFILE_SPECIFIER = "";
				SWIFT_VERSION = 5.0;
				TARGETED_DEVICE_FAMILY = "1,2";
			};
			name = Debug;
		};
		9D5C1F5021A06CE800B3D493 /* Release */ = {
			isa = XCBuildConfiguration;
			buildSettings = {
				ASSETCATALOG_COMPILER_APPICON_NAME = AppIcon;
				CODE_SIGN_IDENTITY = "iPhone Developer";
				CODE_SIGN_STYLE = Manual;
				DEVELOPMENT_TEAM = "";
				INFOPLIST_FILE = "CP2020-Character-Sheet/Info.plist";
				LD_RUNPATH_SEARCH_PATHS = (
					"$(inherited)",
					"@executable_path/Frameworks",
				);
				PRODUCT_BUNDLE_IDENTIFIER = "krze.CP2020-Character-Sheet";
				PRODUCT_NAME = "$(TARGET_NAME)";
				PROVISIONING_PROFILE_SPECIFIER = "";
				SWIFT_VERSION = 5.0;
				TARGETED_DEVICE_FAMILY = "1,2";
			};
			name = Release;
		};
		9D5C1F5221A06CE800B3D493 /* Debug */ = {
			isa = XCBuildConfiguration;
			buildSettings = {
				ALWAYS_EMBED_SWIFT_STANDARD_LIBRARIES = YES;
				BUNDLE_LOADER = "$(TEST_HOST)";
				CLANG_ENABLE_MODULES = YES;
				CODE_SIGN_STYLE = Automatic;
				INFOPLIST_FILE = "CP2020-Character-SheetTests/Info.plist";
				LD_RUNPATH_SEARCH_PATHS = (
					"$(inherited)",
					"@executable_path/Frameworks",
					"@loader_path/Frameworks",
				);
				PRODUCT_BUNDLE_IDENTIFIER = "krze.CP2020-Character-SheetTests";
				PRODUCT_NAME = "$(TARGET_NAME)";
				SWIFT_OPTIMIZATION_LEVEL = "-Onone";
				SWIFT_VERSION = 5.0;
				TARGETED_DEVICE_FAMILY = "1,2";
				TEST_HOST = "$(BUILT_PRODUCTS_DIR)/CP2020-Character-Sheet.app/CP2020-Character-Sheet";
			};
			name = Debug;
		};
		9D5C1F5321A06CE800B3D493 /* Release */ = {
			isa = XCBuildConfiguration;
			buildSettings = {
				ALWAYS_EMBED_SWIFT_STANDARD_LIBRARIES = YES;
				BUNDLE_LOADER = "$(TEST_HOST)";
				CLANG_ENABLE_MODULES = YES;
				CODE_SIGN_STYLE = Automatic;
				INFOPLIST_FILE = "CP2020-Character-SheetTests/Info.plist";
				LD_RUNPATH_SEARCH_PATHS = (
					"$(inherited)",
					"@executable_path/Frameworks",
					"@loader_path/Frameworks",
				);
				PRODUCT_BUNDLE_IDENTIFIER = "krze.CP2020-Character-SheetTests";
				PRODUCT_NAME = "$(TARGET_NAME)";
				SWIFT_VERSION = 5.0;
				TARGETED_DEVICE_FAMILY = "1,2";
				TEST_HOST = "$(BUILT_PRODUCTS_DIR)/CP2020-Character-Sheet.app/CP2020-Character-Sheet";
			};
			name = Release;
		};
		9D5C1F5521A06CE800B3D493 /* Debug */ = {
			isa = XCBuildConfiguration;
			buildSettings = {
				ALWAYS_EMBED_SWIFT_STANDARD_LIBRARIES = YES;
				CODE_SIGN_STYLE = Automatic;
				INFOPLIST_FILE = "CP2020-Character-SheetUITests/Info.plist";
				LD_RUNPATH_SEARCH_PATHS = (
					"$(inherited)",
					"@executable_path/Frameworks",
					"@loader_path/Frameworks",
				);
				PRODUCT_BUNDLE_IDENTIFIER = "krze.CP2020-Character-SheetUITests";
				PRODUCT_NAME = "$(TARGET_NAME)";
				SWIFT_VERSION = 5.0;
				TARGETED_DEVICE_FAMILY = "1,2";
				TEST_TARGET_NAME = "CP2020-Character-Sheet";
			};
			name = Debug;
		};
		9D5C1F5621A06CE800B3D493 /* Release */ = {
			isa = XCBuildConfiguration;
			buildSettings = {
				ALWAYS_EMBED_SWIFT_STANDARD_LIBRARIES = YES;
				CODE_SIGN_STYLE = Automatic;
				INFOPLIST_FILE = "CP2020-Character-SheetUITests/Info.plist";
				LD_RUNPATH_SEARCH_PATHS = (
					"$(inherited)",
					"@executable_path/Frameworks",
					"@loader_path/Frameworks",
				);
				PRODUCT_BUNDLE_IDENTIFIER = "krze.CP2020-Character-SheetUITests";
				PRODUCT_NAME = "$(TARGET_NAME)";
				SWIFT_VERSION = 5.0;
				TARGETED_DEVICE_FAMILY = "1,2";
				TEST_TARGET_NAME = "CP2020-Character-Sheet";
			};
			name = Release;
		};
/* End XCBuildConfiguration section */

/* Begin XCConfigurationList section */
		9D5C1F2121A06CE700B3D493 /* Build configuration list for PBXProject "CP2020-Character-Sheet" */ = {
			isa = XCConfigurationList;
			buildConfigurations = (
				9D5C1F4C21A06CE800B3D493 /* Debug */,
				9D5C1F4D21A06CE800B3D493 /* Release */,
			);
			defaultConfigurationIsVisible = 0;
			defaultConfigurationName = Release;
		};
		9D5C1F4E21A06CE800B3D493 /* Build configuration list for PBXNativeTarget "CP2020-Character-Sheet" */ = {
			isa = XCConfigurationList;
			buildConfigurations = (
				9D5C1F4F21A06CE800B3D493 /* Debug */,
				9D5C1F5021A06CE800B3D493 /* Release */,
			);
			defaultConfigurationIsVisible = 0;
			defaultConfigurationName = Release;
		};
		9D5C1F5121A06CE800B3D493 /* Build configuration list for PBXNativeTarget "CP2020-Character-SheetTests" */ = {
			isa = XCConfigurationList;
			buildConfigurations = (
				9D5C1F5221A06CE800B3D493 /* Debug */,
				9D5C1F5321A06CE800B3D493 /* Release */,
			);
			defaultConfigurationIsVisible = 0;
			defaultConfigurationName = Release;
		};
		9D5C1F5421A06CE800B3D493 /* Build configuration list for PBXNativeTarget "CP2020-Character-SheetUITests" */ = {
			isa = XCConfigurationList;
			buildConfigurations = (
				9D5C1F5521A06CE800B3D493 /* Debug */,
				9D5C1F5621A06CE800B3D493 /* Release */,
			);
			defaultConfigurationIsVisible = 0;
			defaultConfigurationName = Release;
		};
/* End XCConfigurationList section */
	};
	rootObject = 9D5C1F1E21A06CE700B3D493 /* Project object */;
}
